
Microsoft Visual Studio Solution File, Format Version 12.00
# Visual Studio Version 16
VisualStudioVersion = 16.0.29920.165
MinimumVisualStudioVersion = 10.0.40219.1
Project("{FAE04EC0-301F-11D3-BF4B-00C04F79EFBC}") = "HW3", "HW3\HW3.csproj", "{C7F50352-81C2-4B12-A72D-8CBC59A5A666}"
EndProject
Project("{FAE04EC0-301F-11D3-BF4B-00C04F79EFBC}") = "CalcTest", "CalcTest\CalcTest.csproj", "{53086CA9-C79B-42FC-8437-27A0DCA8BB99}"
EndProject
Global
	GlobalSection(SolutionConfigurationPlatforms) = preSolution
		Debug|Any CPU = Debug|Any CPU
		Release|Any CPU = Release|Any CPU
	EndGlobalSection
	GlobalSection(ProjectConfigurationPlatforms) = postSolution
		{C7F50352-81C2-4B12-A72D-8CBC59A5A666}.Debug|Any CPU.ActiveCfg = Debug|Any CPU
		{C7F50352-81C2-4B12-A72D-8CBC59A5A666}.Debug|Any CPU.Build.0 = Debug|Any CPU
		{C7F50352-81C2-4B12-A72D-8CBC59A5A666}.Release|Any CPU.ActiveCfg = Release|Any CPU
		{C7F50352-81C2-4B12-A72D-8CBC59A5A666}.Release|Any CPU.Build.0 = Release|Any CPU
		{53086CA9-C79B-42FC-8437-27A0DCA8BB99}.Debug|Any CPU.ActiveCfg = Debug|Any CPU
		{53086CA9-C79B-42FC-8437-27A0DCA8BB99}.Debug|Any CPU.Build.0 = Debug|Any CPU
		{53086CA9-C79B-42FC-8437-27A0DCA8BB99}.Release|Any CPU.ActiveCfg = Release|Any CPU
		{53086CA9-C79B-42FC-8437-27A0DCA8BB99}.Release|Any CPU.Build.0 = Release|Any CPU
	EndGlobalSection
	GlobalSection(SolutionProperties) = preSolution
		HideSolutionNode = FALSE
	EndGlobalSection
	GlobalSection(ExtensibilityGlobals) = postSolution
		SolutionGuid = {2BF3623F-1CC2-47F0-A360-CF30609242D2}
	EndGlobalSection
EndGlobal
